
Microsoft Visual Studio Solution File, Format Version 12.00
# Visual Studio Version 16
VisualStudioVersion = 16.0.30014.187
MinimumVisualStudioVersion = 10.0.40219.1
Project("{FAE04EC0-301F-11D3-BF4B-00C04F79EFBC}") = "InsideAirbnb Amsterdam", "InsideAirbnb Amsterdam.csproj", "{48F597CF-16DD-429E-8BAB-A6ECA4DD55DA}"
EndProject
Global
	GlobalSection(SolutionConfigurationPlatforms) = preSolution
		Debug|Any CPU = Debug|Any CPU
		Release|Any CPU = Release|Any CPU
	EndGlobalSection
	GlobalSection(ProjectConfigurationPlatforms) = postSolution
		{48F597CF-16DD-429E-8BAB-A6ECA4DD55DA}.Debug|Any CPU.ActiveCfg = Debug|Any CPU
		{48F597CF-16DD-429E-8BAB-A6ECA4DD55DA}.Debug|Any CPU.Build.0 = Debug|Any CPU
		{48F597CF-16DD-429E-8BAB-A6ECA4DD55DA}.Release|Any CPU.ActiveCfg = Release|Any CPU
		{48F597CF-16DD-429E-8BAB-A6ECA4DD55DA}.Release|Any CPU.Build.0 = Release|Any CPU
	EndGlobalSection
	GlobalSection(SolutionProperties) = preSolution
		HideSolutionNode = FALSE
	EndGlobalSection
	GlobalSection(ExtensibilityGlobals) = postSolution
		SolutionGuid = {7B10C993-E578-4802-A402-2C7DD70C2B52}
	EndGlobalSection
EndGlobal
